
Microsoft Visual Studio Solution File, Format Version 12.00
# Visual Studio Version 17
VisualStudioVersion = 17.6.33815.320
MinimumVisualStudioVersion = 10.0.40219.1
Project("{FAE04EC0-301F-11D3-BF4B-00C04F79EFBC}") = "AppNota.Android", "AppNota\AppNota.Android\AppNota.Android.csproj", "{8549B5C3-7344-42C1-A2CF-3E480CB4A891}"
EndProject
Project("{FAE04EC0-301F-11D3-BF4B-00C04F79EFBC}") = "AppNota", "AppNota\AppNota\AppNota.csproj", "{67C4C4C4-E791-41CC-9108-CB257F2DBA30}"
EndProject
Global
	GlobalSection(SolutionConfigurationPlatforms) = preSolution
		Debug|Any CPU = Debug|Any CPU
		Release|Any CPU = Release|Any CPU
	EndGlobalSection
	GlobalSection(ProjectConfigurationPlatforms) = postSolution
		{8549B5C3-7344-42C1-A2CF-3E480CB4A891}.Debug|Any CPU.ActiveCfg = Debug|Any CPU
		{8549B5C3-7344-42C1-A2CF-3E480CB4A891}.Debug|Any CPU.Build.0 = Debug|Any CPU
		{8549B5C3-7344-42C1-A2CF-3E480CB4A891}.Debug|Any CPU.Deploy.0 = Debug|Any CPU
		{8549B5C3-7344-42C1-A2CF-3E480CB4A891}.Release|Any CPU.ActiveCfg = Release|Any CPU
		{8549B5C3-7344-42C1-A2CF-3E480CB4A891}.Release|Any CPU.Build.0 = Release|Any CPU
		{8549B5C3-7344-42C1-A2CF-3E480CB4A891}.Release|Any CPU.Deploy.0 = Release|Any CPU
		{67C4C4C4-E791-41CC-9108-CB257F2DBA30}.Debug|Any CPU.ActiveCfg = Debug|Any CPU
		{67C4C4C4-E791-41CC-9108-CB257F2DBA30}.Debug|Any CPU.Build.0 = Debug|Any CPU
		{67C4C4C4-E791-41CC-9108-CB257F2DBA30}.Debug|Any CPU.Deploy.0 = Debug|Any CPU
		{67C4C4C4-E791-41CC-9108-CB257F2DBA30}.Release|Any CPU.ActiveCfg = Release|Any CPU
		{67C4C4C4-E791-41CC-9108-CB257F2DBA30}.Release|Any CPU.Build.0 = Release|Any CPU
		{67C4C4C4-E791-41CC-9108-CB257F2DBA30}.Release|Any CPU.Deploy.0 = Release|Any CPU
	EndGlobalSection
	GlobalSection(SolutionProperties) = preSolution
		HideSolutionNode = FALSE
	EndGlobalSection
	GlobalSection(ExtensibilityGlobals) = postSolution
		SolutionGuid = {2296D903-B911-4D40-8671-0166885CC45A}
	EndGlobalSection
EndGlobal
